
Microsoft Visual Studio Solution File, Format Version 12.00
# Visual Studio 15
VisualStudioVersion = 15.0.26430.4
MinimumVisualStudioVersion = 10.0.40219.1
Project("{2150E333-8FDC-42A3-9474-1A3956D46DE8}") = "src", "src", "{F375D78C-9BF2-446A-927A-E6DBBF82C843}"
EndProject
Project("{2150E333-8FDC-42A3-9474-1A3956D46DE8}") = "test", "test", "{5433AD41-6D53-41BC-A73B-B9CA977893D3}"
EndProject
Project("{2150E333-8FDC-42A3-9474-1A3956D46DE8}") = "Solution Items", "Solution Items", "{EA79EBDC-AE65-4DFF-961E-477046B534F9}"
	ProjectSection(SolutionItems) = preProject
		appveyor.yml = appveyor.yml
		build.cake = build.cake
		build.ps1 = build.ps1
		LICENSE = LICENSE
		LICENSE-EnjoyCQRS = LICENSE-EnjoyCQRS
		README.md = README.md
	EndProjectSection
EndProject
Project("{9A19103F-16F7-4668-BE54-9A1E7A4F7556}") = "Cars", "src\Cars\Cars.csproj", "{196BC2D8-0D24-45F1-9131-DE9ED8A65C3C}"
EndProject
Project("{9A19103F-16F7-4668-BE54-9A1E7A4F7556}") = "Cars.EventStore.MongoDB", "src\Cars.EventStore.MongoDB\Cars.EventStore.MongoDB.csproj", "{E4654072-CCA1-4D65-B282-68BBFE9A58A0}"
EndProject
Project("{9A19103F-16F7-4668-BE54-9A1E7A4F7556}") = "Cars.Testing.Shared", "test\Cars.Testing.Shared\Cars.Testing.Shared.csproj", "{395D7BFF-A38F-4138-A37C-15FDA131FBCF}"
EndProject
Project("{9A19103F-16F7-4668-BE54-9A1E7A4F7556}") = "Cars.UnitTests", "test\Cars.UnitTests\Cars.UnitTests.csproj", "{7784D00E-0E7C-4F66-8E76-8E33B902B193}"
EndProject
Project("{9A19103F-16F7-4668-BE54-9A1E7A4F7556}") = "Cars.MongoDB.IntegrationTests", "test\Cars.MongoDB.IntegrationTests\Cars.MongoDB.IntegrationTests.csproj", "{95DDFC3F-5B54-4806-A5AB-EFEDB8F68FC4}"
EndProject
Project("{9A19103F-16F7-4668-BE54-9A1E7A4F7556}") = "Cars.IntegrationTests", "test\Cars.IntegrationTests\Cars.IntegrationTests.csproj", "{C1E816FC-740E-4D21-9662-868AD603C9E3}"
EndProject
Project("{2150E333-8FDC-42A3-9474-1A3956D46DE8}") = "demo", "demo", "{20895042-764C-4545-9DB8-EFE98F2D29E1}"
EndProject
Project("{FAE04EC0-301F-11D3-BF4B-00C04F79EFBC}") = "Cars.Demo.Api", "demo\Cars.Demo.Api\Cars.Demo.Api.csproj", "{CC330F5A-0B05-4BFD-8E01-2F8C7B2EDDAE}"
EndProject
Global
	GlobalSection(SolutionConfigurationPlatforms) = preSolution
		Debug|Any CPU = Debug|Any CPU
		Release|Any CPU = Release|Any CPU
	EndGlobalSection
	GlobalSection(ProjectConfigurationPlatforms) = postSolution
		{196BC2D8-0D24-45F1-9131-DE9ED8A65C3C}.Debug|Any CPU.ActiveCfg = Debug|Any CPU
		{196BC2D8-0D24-45F1-9131-DE9ED8A65C3C}.Debug|Any CPU.Build.0 = Debug|Any CPU
		{196BC2D8-0D24-45F1-9131-DE9ED8A65C3C}.Release|Any CPU.ActiveCfg = Release|Any CPU
		{196BC2D8-0D24-45F1-9131-DE9ED8A65C3C}.Release|Any CPU.Build.0 = Release|Any CPU
		{E4654072-CCA1-4D65-B282-68BBFE9A58A0}.Debug|Any CPU.ActiveCfg = Debug|Any CPU
		{E4654072-CCA1-4D65-B282-68BBFE9A58A0}.Debug|Any CPU.Build.0 = Debug|Any CPU
		{E4654072-CCA1-4D65-B282-68BBFE9A58A0}.Release|Any CPU.ActiveCfg = Release|Any CPU
		{E4654072-CCA1-4D65-B282-68BBFE9A58A0}.Release|Any CPU.Build.0 = Release|Any CPU
		{395D7BFF-A38F-4138-A37C-15FDA131FBCF}.Debug|Any CPU.ActiveCfg = Debug|Any CPU
		{395D7BFF-A38F-4138-A37C-15FDA131FBCF}.Debug|Any CPU.Build.0 = Debug|Any CPU
		{395D7BFF-A38F-4138-A37C-15FDA131FBCF}.Release|Any CPU.ActiveCfg = Release|Any CPU
		{395D7BFF-A38F-4138-A37C-15FDA131FBCF}.Release|Any CPU.Build.0 = Release|Any CPU
		{7784D00E-0E7C-4F66-8E76-8E33B902B193}.Debug|Any CPU.ActiveCfg = Debug|Any CPU
		{7784D00E-0E7C-4F66-8E76-8E33B902B193}.Debug|Any CPU.Build.0 = Debug|Any CPU
		{7784D00E-0E7C-4F66-8E76-8E33B902B193}.Release|Any CPU.ActiveCfg = Release|Any CPU
		{7784D00E-0E7C-4F66-8E76-8E33B902B193}.Release|Any CPU.Build.0 = Release|Any CPU
		{95DDFC3F-5B54-4806-A5AB-EFEDB8F68FC4}.Debug|Any CPU.ActiveCfg = Debug|Any CPU
		{95DDFC3F-5B54-4806-A5AB-EFEDB8F68FC4}.Debug|Any CPU.Build.0 = Debug|Any CPU
		{95DDFC3F-5B54-4806-A5AB-EFEDB8F68FC4}.Release|Any CPU.ActiveCfg = Release|Any CPU
		{95DDFC3F-5B54-4806-A5AB-EFEDB8F68FC4}.Release|Any CPU.Build.0 = Release|Any CPU
		{C1E816FC-740E-4D21-9662-868AD603C9E3}.Debug|Any CPU.ActiveCfg = Debug|Any CPU
		{C1E816FC-740E-4D21-9662-868AD603C9E3}.Debug|Any CPU.Build.0 = Debug|Any CPU
		{C1E816FC-740E-4D21-9662-868AD603C9E3}.Release|Any CPU.ActiveCfg = Release|Any CPU
		{C1E816FC-740E-4D21-9662-868AD603C9E3}.Release|Any CPU.Build.0 = Release|Any CPU
		{CC330F5A-0B05-4BFD-8E01-2F8C7B2EDDAE}.Debug|Any CPU.ActiveCfg = Debug|Any CPU
		{CC330F5A-0B05-4BFD-8E01-2F8C7B2EDDAE}.Debug|Any CPU.Build.0 = Debug|Any CPU
		{CC330F5A-0B05-4BFD-8E01-2F8C7B2EDDAE}.Release|Any CPU.ActiveCfg = Release|Any CPU
		{CC330F5A-0B05-4BFD-8E01-2F8C7B2EDDAE}.Release|Any CPU.Build.0 = Release|Any CPU
	EndGlobalSection
	GlobalSection(SolutionProperties) = preSolution
		HideSolutionNode = FALSE
	EndGlobalSection
	GlobalSection(NestedProjects) = preSolution
		{196BC2D8-0D24-45F1-9131-DE9ED8A65C3C} = {F375D78C-9BF2-446A-927A-E6DBBF82C843}
		{E4654072-CCA1-4D65-B282-68BBFE9A58A0} = {F375D78C-9BF2-446A-927A-E6DBBF82C843}
		{395D7BFF-A38F-4138-A37C-15FDA131FBCF} = {5433AD41-6D53-41BC-A73B-B9CA977893D3}
		{7784D00E-0E7C-4F66-8E76-8E33B902B193} = {5433AD41-6D53-41BC-A73B-B9CA977893D3}
		{95DDFC3F-5B54-4806-A5AB-EFEDB8F68FC4} = {5433AD41-6D53-41BC-A73B-B9CA977893D3}
		{C1E816FC-740E-4D21-9662-868AD603C9E3} = {5433AD41-6D53-41BC-A73B-B9CA977893D3}
		{CC330F5A-0B05-4BFD-8E01-2F8C7B2EDDAE} = {20895042-764C-4545-9DB8-EFE98F2D29E1}
	EndGlobalSection
EndGlobal
